{
  "object": {
    "pins": [
      {
        "package": "PhoenixKitsuCore",
        "repositoryURL": "https://github.com/JasonLighthunter/Phoenix-Kitsu-Core.git",
        "state": {
          "branch": "setup",
          "revision": "f9d436d900be2dd55ffec0a3d14d2859c4f59b0a",
          "version": null
        }
      },
      {
        "package": "Requestable",
        "repositoryURL": "https://github.com/JasonLighthunter/Requestable.git",
        "state": {
          "branch": null,
          "revision": "b8691cc0836c767c7ab534e7ef9e994892b94392",
          "version": "1.0.0"
        }
      }
    ]
  },
  "version": 1
}
